
Microsoft Visual Studio Solution File, Format Version 12.00
# Visual Studio Version 17
VisualStudioVersion = 17.14.35821.62 d17.14
MinimumVisualStudioVersion = 10.0.40219.1
Project("{FAE04EC0-301F-11D3-BF4B-00C04F79EFBC}") = "ecuacion_tercer_grado", "ecuacion_tercer_grado\ecuacion_tercer_grado.csproj", "{72F9AD40-9AD0-4AB3-B329-01B45582D7C3}"
EndProject
Global
	GlobalSection(SolutionConfigurationPlatforms) = preSolution
		Debug|Any CPU = Debug|Any CPU
		Release|Any CPU = Release|Any CPU
	EndGlobalSection
	GlobalSection(ProjectConfigurationPlatforms) = postSolution
		{72F9AD40-9AD0-4AB3-B329-01B45582D7C3}.Debug|Any CPU.ActiveCfg = Debug|Any CPU
		{72F9AD40-9AD0-4AB3-B329-01B45582D7C3}.Debug|Any CPU.Build.0 = Debug|Any CPU
		{72F9AD40-9AD0-4AB3-B329-01B45582D7C3}.Release|Any CPU.ActiveCfg = Release|Any CPU
		{72F9AD40-9AD0-4AB3-B329-01B45582D7C3}.Release|Any CPU.Build.0 = Release|Any CPU
	EndGlobalSection
	GlobalSection(SolutionProperties) = preSolution
		HideSolutionNode = FALSE
	EndGlobalSection
	GlobalSection(ExtensibilityGlobals) = postSolution
		SolutionGuid = {BF0C6351-584F-440A-A7C5-B80A22A15D10}
	EndGlobalSection
EndGlobal
